
Microsoft Visual Studio Solution File, Format Version 12.00
# Visual Studio Version 16
VisualStudioVersion = 16.0.30523.141
MinimumVisualStudioVersion = 10.0.40219.1
Project("{FAE04EC0-301F-11D3-BF4B-00C04F79EFBC}") = "FirstProblem", "FirstProblem\FirstProblem.csproj", "{7774F79B-72D7-4020-A142-EAB4D7F96A09}"
EndProject
Project("{FAE04EC0-301F-11D3-BF4B-00C04F79EFBC}") = "SecondProblem", "SecondProblem\SecondProblem.csproj", "{B647B2D8-1D42-4B56-8E1D-D2C7BD979E72}"
EndProject
Project("{FAE04EC0-301F-11D3-BF4B-00C04F79EFBC}") = "ThirdProblem", "ThirdProblem\ThirdProblem.csproj", "{238B5DCD-C6E4-4744-92E8-EE516E83BFDA}"
EndProject
Global
	GlobalSection(SolutionConfigurationPlatforms) = preSolution
		Debug|Any CPU = Debug|Any CPU
		Release|Any CPU = Release|Any CPU
	EndGlobalSection
	GlobalSection(ProjectConfigurationPlatforms) = postSolution
		{7774F79B-72D7-4020-A142-EAB4D7F96A09}.Debug|Any CPU.ActiveCfg = Debug|Any CPU
		{7774F79B-72D7-4020-A142-EAB4D7F96A09}.Debug|Any CPU.Build.0 = Debug|Any CPU
		{7774F79B-72D7-4020-A142-EAB4D7F96A09}.Release|Any CPU.ActiveCfg = Release|Any CPU
		{7774F79B-72D7-4020-A142-EAB4D7F96A09}.Release|Any CPU.Build.0 = Release|Any CPU
		{B647B2D8-1D42-4B56-8E1D-D2C7BD979E72}.Debug|Any CPU.ActiveCfg = Debug|Any CPU
		{B647B2D8-1D42-4B56-8E1D-D2C7BD979E72}.Debug|Any CPU.Build.0 = Debug|Any CPU
		{B647B2D8-1D42-4B56-8E1D-D2C7BD979E72}.Release|Any CPU.ActiveCfg = Release|Any CPU
		{B647B2D8-1D42-4B56-8E1D-D2C7BD979E72}.Release|Any CPU.Build.0 = Release|Any CPU
		{238B5DCD-C6E4-4744-92E8-EE516E83BFDA}.Debug|Any CPU.ActiveCfg = Debug|Any CPU
		{238B5DCD-C6E4-4744-92E8-EE516E83BFDA}.Debug|Any CPU.Build.0 = Debug|Any CPU
		{238B5DCD-C6E4-4744-92E8-EE516E83BFDA}.Release|Any CPU.ActiveCfg = Release|Any CPU
		{238B5DCD-C6E4-4744-92E8-EE516E83BFDA}.Release|Any CPU.Build.0 = Release|Any CPU
	EndGlobalSection
	GlobalSection(SolutionProperties) = preSolution
		HideSolutionNode = FALSE
	EndGlobalSection
	GlobalSection(ExtensibilityGlobals) = postSolution
		SolutionGuid = {0B6855D9-FF4D-4673-AC3F-083FA50CB774}
	EndGlobalSection
EndGlobal
