
Microsoft Visual Studio Solution File, Format Version 12.00
# Visual Studio Version 16
VisualStudioVersion = 16.0.30907.101
MinimumVisualStudioVersion = 10.0.40219.1
Project("{9A19103F-16F7-4668-BE54-9A1E7A4F7556}") = "01.Lootbox", "01.Lootbox\01.Lootbox.csproj", "{0A8DEAEA-4107-4D11-AAAC-93E3E6CD1F07}"
EndProject
Project("{FAE04EC0-301F-11D3-BF4B-00C04F79EFBC}") = "02.Re-Volt", "02.Re-Volt\02.Re-Volt.csproj", "{8FA07CE5-85F3-43CC-A18E-A24E16728E57}"
EndProject
Global
	GlobalSection(SolutionConfigurationPlatforms) = preSolution
		Debug|Any CPU = Debug|Any CPU
		Release|Any CPU = Release|Any CPU
	EndGlobalSection
	GlobalSection(ProjectConfigurationPlatforms) = postSolution
		{0A8DEAEA-4107-4D11-AAAC-93E3E6CD1F07}.Debug|Any CPU.ActiveCfg = Debug|Any CPU
		{0A8DEAEA-4107-4D11-AAAC-93E3E6CD1F07}.Debug|Any CPU.Build.0 = Debug|Any CPU
		{0A8DEAEA-4107-4D11-AAAC-93E3E6CD1F07}.Release|Any CPU.ActiveCfg = Release|Any CPU
		{0A8DEAEA-4107-4D11-AAAC-93E3E6CD1F07}.Release|Any CPU.Build.0 = Release|Any CPU
		{8FA07CE5-85F3-43CC-A18E-A24E16728E57}.Debug|Any CPU.ActiveCfg = Debug|Any CPU
		{8FA07CE5-85F3-43CC-A18E-A24E16728E57}.Debug|Any CPU.Build.0 = Debug|Any CPU
		{8FA07CE5-85F3-43CC-A18E-A24E16728E57}.Release|Any CPU.ActiveCfg = Release|Any CPU
		{8FA07CE5-85F3-43CC-A18E-A24E16728E57}.Release|Any CPU.Build.0 = Release|Any CPU
	EndGlobalSection
	GlobalSection(SolutionProperties) = preSolution
		HideSolutionNode = FALSE
	EndGlobalSection
	GlobalSection(ExtensibilityGlobals) = postSolution
		SolutionGuid = {1ABDBB46-65A6-4789-83AF-799BE6A0ED1E}
	EndGlobalSection
EndGlobal
