
Microsoft Visual Studio Solution File, Format Version 12.00
# Visual Studio Version 16
VisualStudioVersion = 16.0.30523.141
MinimumVisualStudioVersion = 10.0.40219.1
Project("{9A19103F-16F7-4668-BE54-9A1E7A4F7556}") = "PasswordReset", "PasswordReset\PasswordReset.csproj", "{A8D4350D-4A8F-4011-99AE-AF7EB01551A5}"
EndProject
Project("{FAE04EC0-301F-11D3-BF4B-00C04F79EFBC}") = "FancyBarcodes", "FancyBarcodes\FancyBarcodes.csproj", "{5E99C7E8-1474-44F6-BB2B-286EC7310452}"
EndProject
Project("{FAE04EC0-301F-11D3-BF4B-00C04F79EFBC}") = "HeroesOfCodeAndLogicVII", "HeroesOfCodeAndLogicVII\HeroesOfCodeAndLogicVII.csproj", "{F7DD061C-0767-4B4E-B4FF-A2C7091DADE4}"
EndProject
Global
	GlobalSection(SolutionConfigurationPlatforms) = preSolution
		Debug|Any CPU = Debug|Any CPU
		Release|Any CPU = Release|Any CPU
	EndGlobalSection
	GlobalSection(ProjectConfigurationPlatforms) = postSolution
		{A8D4350D-4A8F-4011-99AE-AF7EB01551A5}.Debug|Any CPU.ActiveCfg = Debug|Any CPU
		{A8D4350D-4A8F-4011-99AE-AF7EB01551A5}.Debug|Any CPU.Build.0 = Debug|Any CPU
		{A8D4350D-4A8F-4011-99AE-AF7EB01551A5}.Release|Any CPU.ActiveCfg = Release|Any CPU
		{A8D4350D-4A8F-4011-99AE-AF7EB01551A5}.Release|Any CPU.Build.0 = Release|Any CPU
		{5E99C7E8-1474-44F6-BB2B-286EC7310452}.Debug|Any CPU.ActiveCfg = Debug|Any CPU
		{5E99C7E8-1474-44F6-BB2B-286EC7310452}.Debug|Any CPU.Build.0 = Debug|Any CPU
		{5E99C7E8-1474-44F6-BB2B-286EC7310452}.Release|Any CPU.ActiveCfg = Release|Any CPU
		{5E99C7E8-1474-44F6-BB2B-286EC7310452}.Release|Any CPU.Build.0 = Release|Any CPU
		{F7DD061C-0767-4B4E-B4FF-A2C7091DADE4}.Debug|Any CPU.ActiveCfg = Debug|Any CPU
		{F7DD061C-0767-4B4E-B4FF-A2C7091DADE4}.Debug|Any CPU.Build.0 = Debug|Any CPU
		{F7DD061C-0767-4B4E-B4FF-A2C7091DADE4}.Release|Any CPU.ActiveCfg = Release|Any CPU
		{F7DD061C-0767-4B4E-B4FF-A2C7091DADE4}.Release|Any CPU.Build.0 = Release|Any CPU
	EndGlobalSection
	GlobalSection(SolutionProperties) = preSolution
		HideSolutionNode = FALSE
	EndGlobalSection
	GlobalSection(ExtensibilityGlobals) = postSolution
		SolutionGuid = {FA87366C-0173-413F-B6FA-D9AFECB965FF}
	EndGlobalSection
EndGlobal
