
Microsoft Visual Studio Solution File, Format Version 12.00
# Visual Studio Version 16
VisualStudioVersion = 16.0.29020.237
MinimumVisualStudioVersion = 10.0.40219.1
Project("{9A19103F-16F7-4668-BE54-9A1E7A4F7556}") = "Sum Seconds", "Sum Seconds\Sum Seconds.csproj", "{DA0F0CFE-BC0D-48FF-A2D1-9437C37A6600}"
EndProject
Project("{9A19103F-16F7-4668-BE54-9A1E7A4F7556}") = "Bonus Score", "Bonus Score\Bonus Score.csproj", "{EB667090-D736-44EA-844F-9C46766BB99E}"
EndProject
Project("{9A19103F-16F7-4668-BE54-9A1E7A4F7556}") = "Speed Info", "Speed Info\Speed Info.csproj", "{7A018CA7-E267-4AFA-A638-C598AEA1F947}"
EndProject
Project("{9A19103F-16F7-4668-BE54-9A1E7A4F7556}") = "Metric Converter", "Metric Converter\Metric Converter.csproj", "{15A3D70C-1409-4A10-A639-CCD3AFCDDF1A}"
EndProject
Project("{9A19103F-16F7-4668-BE54-9A1E7A4F7556}") = "Time + 15 Minutes", "Time + 15 Minutes\Time + 15 Minutes.csproj", "{1F9CBCD0-857D-47E3-A0C6-086EAFD8429C}"
EndProject
Project("{9A19103F-16F7-4668-BE54-9A1E7A4F7556}") = "Godzilla vs. Kong", "Godzilla vs. Kong\Godzilla vs. Kong.csproj", "{B39FE687-141F-406E-89A4-4F1373111DD2}"
EndProject
Project("{FAE04EC0-301F-11D3-BF4B-00C04F79EFBC}") = "World Swimming Record", "World Swimming Record\World Swimming Record.csproj", "{0DF6806A-2060-400B-8AB5-569E415405C1}"
EndProject
Global
	GlobalSection(SolutionConfigurationPlatforms) = preSolution
		Debug|Any CPU = Debug|Any CPU
		Release|Any CPU = Release|Any CPU
	EndGlobalSection
	GlobalSection(ProjectConfigurationPlatforms) = postSolution
		{DA0F0CFE-BC0D-48FF-A2D1-9437C37A6600}.Debug|Any CPU.ActiveCfg = Debug|Any CPU
		{DA0F0CFE-BC0D-48FF-A2D1-9437C37A6600}.Debug|Any CPU.Build.0 = Debug|Any CPU
		{DA0F0CFE-BC0D-48FF-A2D1-9437C37A6600}.Release|Any CPU.ActiveCfg = Release|Any CPU
		{DA0F0CFE-BC0D-48FF-A2D1-9437C37A6600}.Release|Any CPU.Build.0 = Release|Any CPU
		{EB667090-D736-44EA-844F-9C46766BB99E}.Debug|Any CPU.ActiveCfg = Debug|Any CPU
		{EB667090-D736-44EA-844F-9C46766BB99E}.Debug|Any CPU.Build.0 = Debug|Any CPU
		{EB667090-D736-44EA-844F-9C46766BB99E}.Release|Any CPU.ActiveCfg = Release|Any CPU
		{EB667090-D736-44EA-844F-9C46766BB99E}.Release|Any CPU.Build.0 = Release|Any CPU
		{7A018CA7-E267-4AFA-A638-C598AEA1F947}.Debug|Any CPU.ActiveCfg = Debug|Any CPU
		{7A018CA7-E267-4AFA-A638-C598AEA1F947}.Debug|Any CPU.Build.0 = Debug|Any CPU
		{7A018CA7-E267-4AFA-A638-C598AEA1F947}.Release|Any CPU.ActiveCfg = Release|Any CPU
		{7A018CA7-E267-4AFA-A638-C598AEA1F947}.Release|Any CPU.Build.0 = Release|Any CPU
		{15A3D70C-1409-4A10-A639-CCD3AFCDDF1A}.Debug|Any CPU.ActiveCfg = Debug|Any CPU
		{15A3D70C-1409-4A10-A639-CCD3AFCDDF1A}.Debug|Any CPU.Build.0 = Debug|Any CPU
		{15A3D70C-1409-4A10-A639-CCD3AFCDDF1A}.Release|Any CPU.ActiveCfg = Release|Any CPU
		{15A3D70C-1409-4A10-A639-CCD3AFCDDF1A}.Release|Any CPU.Build.0 = Release|Any CPU
		{1F9CBCD0-857D-47E3-A0C6-086EAFD8429C}.Debug|Any CPU.ActiveCfg = Debug|Any CPU
		{1F9CBCD0-857D-47E3-A0C6-086EAFD8429C}.Debug|Any CPU.Build.0 = Debug|Any CPU
		{1F9CBCD0-857D-47E3-A0C6-086EAFD8429C}.Release|Any CPU.ActiveCfg = Release|Any CPU
		{1F9CBCD0-857D-47E3-A0C6-086EAFD8429C}.Release|Any CPU.Build.0 = Release|Any CPU
		{B39FE687-141F-406E-89A4-4F1373111DD2}.Debug|Any CPU.ActiveCfg = Debug|Any CPU
		{B39FE687-141F-406E-89A4-4F1373111DD2}.Debug|Any CPU.Build.0 = Debug|Any CPU
		{B39FE687-141F-406E-89A4-4F1373111DD2}.Release|Any CPU.ActiveCfg = Release|Any CPU
		{B39FE687-141F-406E-89A4-4F1373111DD2}.Release|Any CPU.Build.0 = Release|Any CPU
		{0DF6806A-2060-400B-8AB5-569E415405C1}.Debug|Any CPU.ActiveCfg = Debug|Any CPU
		{0DF6806A-2060-400B-8AB5-569E415405C1}.Debug|Any CPU.Build.0 = Debug|Any CPU
		{0DF6806A-2060-400B-8AB5-569E415405C1}.Release|Any CPU.ActiveCfg = Release|Any CPU
		{0DF6806A-2060-400B-8AB5-569E415405C1}.Release|Any CPU.Build.0 = Release|Any CPU
	EndGlobalSection
	GlobalSection(SolutionProperties) = preSolution
		HideSolutionNode = FALSE
	EndGlobalSection
	GlobalSection(ExtensibilityGlobals) = postSolution
		SolutionGuid = {51F75680-7905-49F4-A722-6E06D55597A8}
	EndGlobalSection
EndGlobal
