
Microsoft Visual Studio Solution File, Format Version 12.00
# Visual Studio Version 16
VisualStudioVersion = 16.0.30523.141
MinimumVisualStudioVersion = 10.0.40219.1
Project("{FAE04EC0-301F-11D3-BF4B-00C04F79EFBC}") = "CoffeeShop", "CoffeeShop\CoffeeShop.csproj", "{32A7E850-848E-46B9-A60F-3FB161AE2ACB}"
EndProject
Project("{FAE04EC0-301F-11D3-BF4B-00C04F79EFBC}") = "Commands", "Commands\Commands.csproj", "{161FF71C-5C01-497D-BF04-70DE0A840E79}"
EndProject
Project("{FAE04EC0-301F-11D3-BF4B-00C04F79EFBC}") = "AngryPet", "AngryPet\AngryPet.csproj", "{D0CD318D-B3EE-4E7B-91DD-4ECF89C801FE}"
EndProject
Global
	GlobalSection(SolutionConfigurationPlatforms) = preSolution
		Debug|Any CPU = Debug|Any CPU
		Release|Any CPU = Release|Any CPU
	EndGlobalSection
	GlobalSection(ProjectConfigurationPlatforms) = postSolution
		{32A7E850-848E-46B9-A60F-3FB161AE2ACB}.Debug|Any CPU.ActiveCfg = Debug|Any CPU
		{32A7E850-848E-46B9-A60F-3FB161AE2ACB}.Debug|Any CPU.Build.0 = Debug|Any CPU
		{32A7E850-848E-46B9-A60F-3FB161AE2ACB}.Release|Any CPU.ActiveCfg = Release|Any CPU
		{32A7E850-848E-46B9-A60F-3FB161AE2ACB}.Release|Any CPU.Build.0 = Release|Any CPU
		{161FF71C-5C01-497D-BF04-70DE0A840E79}.Debug|Any CPU.ActiveCfg = Debug|Any CPU
		{161FF71C-5C01-497D-BF04-70DE0A840E79}.Debug|Any CPU.Build.0 = Debug|Any CPU
		{161FF71C-5C01-497D-BF04-70DE0A840E79}.Release|Any CPU.ActiveCfg = Release|Any CPU
		{161FF71C-5C01-497D-BF04-70DE0A840E79}.Release|Any CPU.Build.0 = Release|Any CPU
		{D0CD318D-B3EE-4E7B-91DD-4ECF89C801FE}.Debug|Any CPU.ActiveCfg = Debug|Any CPU
		{D0CD318D-B3EE-4E7B-91DD-4ECF89C801FE}.Debug|Any CPU.Build.0 = Debug|Any CPU
		{D0CD318D-B3EE-4E7B-91DD-4ECF89C801FE}.Release|Any CPU.ActiveCfg = Release|Any CPU
		{D0CD318D-B3EE-4E7B-91DD-4ECF89C801FE}.Release|Any CPU.Build.0 = Release|Any CPU
	EndGlobalSection
	GlobalSection(SolutionProperties) = preSolution
		HideSolutionNode = FALSE
	EndGlobalSection
	GlobalSection(ExtensibilityGlobals) = postSolution
		SolutionGuid = {A13953CF-DF01-4CFB-8271-D0406112EFEF}
	EndGlobalSection
EndGlobal
