
Microsoft Visual Studio Solution File, Format Version 12.00
# Visual Studio Version 17
VisualStudioVersion = 17.0.31521.260
MinimumVisualStudioVersion = 10.0.40219.1
Project("{FAE04EC0-301F-11D3-BF4B-00C04F79EFBC}") = "01.Cars", "01.Cars\01.Cars.csproj", "{F293D410-BA8E-4851-91F5-DF5C51AA8E6B}"
EndProject
Project("{FAE04EC0-301F-11D3-BF4B-00C04F79EFBC}") = "02.Shapes", "02.Shapes\02.Shapes.csproj", "{94869870-89CF-41A6-B4B4-D8C87F845EF2}"
EndProject
Project("{FAE04EC0-301F-11D3-BF4B-00C04F79EFBC}") = "03.PersonInfo", "03.PersonInfo\03.PersonInfo.csproj", "{2B7547AD-B0F3-43EE-929E-4C4A0EEDD263}"
EndProject
Project("{FAE04EC0-301F-11D3-BF4B-00C04F79EFBC}") = "04.BorderControl", "04.BorderControl\04.BorderControl.csproj", "{51BC66E1-E961-4DF5-9504-0AEE0D97F156}"
EndProject
Project("{FAE04EC0-301F-11D3-BF4B-00C04F79EFBC}") = "05.Ferrari", "05.Ferrari\05.Ferrari.csproj", "{5ADA22D0-5A61-4657-8564-35E8091D37FC}"
EndProject
Project("{FAE04EC0-301F-11D3-BF4B-00C04F79EFBC}") = "06.Telephony", "06.Telephony\06.Telephony.csproj", "{2737B917-3931-4D1D-8207-83822AD4F31B}"
EndProject
Project("{FAE04EC0-301F-11D3-BF4B-00C04F79EFBC}") = "07.MilitaryElite", "07.MilitaryElite\07.MilitaryElite.csproj", "{A67B4CD9-45C4-41E7-823C-49A926C3DCAC}"
EndProject
Global
	GlobalSection(SolutionConfigurationPlatforms) = preSolution
		Debug|Any CPU = Debug|Any CPU
		Release|Any CPU = Release|Any CPU
	EndGlobalSection
	GlobalSection(ProjectConfigurationPlatforms) = postSolution
		{F293D410-BA8E-4851-91F5-DF5C51AA8E6B}.Debug|Any CPU.ActiveCfg = Debug|Any CPU
		{F293D410-BA8E-4851-91F5-DF5C51AA8E6B}.Debug|Any CPU.Build.0 = Debug|Any CPU
		{F293D410-BA8E-4851-91F5-DF5C51AA8E6B}.Release|Any CPU.ActiveCfg = Release|Any CPU
		{F293D410-BA8E-4851-91F5-DF5C51AA8E6B}.Release|Any CPU.Build.0 = Release|Any CPU
		{94869870-89CF-41A6-B4B4-D8C87F845EF2}.Debug|Any CPU.ActiveCfg = Debug|Any CPU
		{94869870-89CF-41A6-B4B4-D8C87F845EF2}.Debug|Any CPU.Build.0 = Debug|Any CPU
		{94869870-89CF-41A6-B4B4-D8C87F845EF2}.Release|Any CPU.ActiveCfg = Release|Any CPU
		{94869870-89CF-41A6-B4B4-D8C87F845EF2}.Release|Any CPU.Build.0 = Release|Any CPU
		{2B7547AD-B0F3-43EE-929E-4C4A0EEDD263}.Debug|Any CPU.ActiveCfg = Debug|Any CPU
		{2B7547AD-B0F3-43EE-929E-4C4A0EEDD263}.Debug|Any CPU.Build.0 = Debug|Any CPU
		{2B7547AD-B0F3-43EE-929E-4C4A0EEDD263}.Release|Any CPU.ActiveCfg = Release|Any CPU
		{2B7547AD-B0F3-43EE-929E-4C4A0EEDD263}.Release|Any CPU.Build.0 = Release|Any CPU
		{51BC66E1-E961-4DF5-9504-0AEE0D97F156}.Debug|Any CPU.ActiveCfg = Debug|Any CPU
		{51BC66E1-E961-4DF5-9504-0AEE0D97F156}.Debug|Any CPU.Build.0 = Debug|Any CPU
		{51BC66E1-E961-4DF5-9504-0AEE0D97F156}.Release|Any CPU.ActiveCfg = Release|Any CPU
		{51BC66E1-E961-4DF5-9504-0AEE0D97F156}.Release|Any CPU.Build.0 = Release|Any CPU
		{5ADA22D0-5A61-4657-8564-35E8091D37FC}.Debug|Any CPU.ActiveCfg = Debug|Any CPU
		{5ADA22D0-5A61-4657-8564-35E8091D37FC}.Debug|Any CPU.Build.0 = Debug|Any CPU
		{5ADA22D0-5A61-4657-8564-35E8091D37FC}.Release|Any CPU.ActiveCfg = Release|Any CPU
		{5ADA22D0-5A61-4657-8564-35E8091D37FC}.Release|Any CPU.Build.0 = Release|Any CPU
		{2737B917-3931-4D1D-8207-83822AD4F31B}.Debug|Any CPU.ActiveCfg = Debug|Any CPU
		{2737B917-3931-4D1D-8207-83822AD4F31B}.Debug|Any CPU.Build.0 = Debug|Any CPU
		{2737B917-3931-4D1D-8207-83822AD4F31B}.Release|Any CPU.ActiveCfg = Release|Any CPU
		{2737B917-3931-4D1D-8207-83822AD4F31B}.Release|Any CPU.Build.0 = Release|Any CPU
		{A67B4CD9-45C4-41E7-823C-49A926C3DCAC}.Debug|Any CPU.ActiveCfg = Debug|Any CPU
		{A67B4CD9-45C4-41E7-823C-49A926C3DCAC}.Debug|Any CPU.Build.0 = Debug|Any CPU
		{A67B4CD9-45C4-41E7-823C-49A926C3DCAC}.Release|Any CPU.ActiveCfg = Release|Any CPU
		{A67B4CD9-45C4-41E7-823C-49A926C3DCAC}.Release|Any CPU.Build.0 = Release|Any CPU
	EndGlobalSection
	GlobalSection(SolutionProperties) = preSolution
		HideSolutionNode = FALSE
	EndGlobalSection
	GlobalSection(ExtensibilityGlobals) = postSolution
		SolutionGuid = {6A3DFE4B-439E-4666-919E-2617AD352231}
	EndGlobalSection
EndGlobal
