
Microsoft Visual Studio Solution File, Format Version 12.00
# Visual Studio Version 16
VisualStudioVersion = 16.0.29020.237
MinimumVisualStudioVersion = 10.0.40219.1
Project("{FAE04EC0-301F-11D3-BF4B-00C04F79EFBC}") = "Numbers1NWithStep3", "Numbers1NWithStep3\Numbers1NWithStep3.csproj", "{B15929A1-FC25-4B15-B755-18E65B0371BF}"
EndProject
Global
	GlobalSection(SolutionConfigurationPlatforms) = preSolution
		Debug|Any CPU = Debug|Any CPU
		Release|Any CPU = Release|Any CPU
	EndGlobalSection
	GlobalSection(ProjectConfigurationPlatforms) = postSolution
		{B15929A1-FC25-4B15-B755-18E65B0371BF}.Debug|Any CPU.ActiveCfg = Debug|Any CPU
		{B15929A1-FC25-4B15-B755-18E65B0371BF}.Debug|Any CPU.Build.0 = Debug|Any CPU
		{B15929A1-FC25-4B15-B755-18E65B0371BF}.Release|Any CPU.ActiveCfg = Release|Any CPU
		{B15929A1-FC25-4B15-B755-18E65B0371BF}.Release|Any CPU.Build.0 = Release|Any CPU
	EndGlobalSection
	GlobalSection(SolutionProperties) = preSolution
		HideSolutionNode = FALSE
	EndGlobalSection
	GlobalSection(ExtensibilityGlobals) = postSolution
		SolutionGuid = {B969E908-40D6-41D7-B4DC-59DE7A79FE32}
	EndGlobalSection
EndGlobal
