
Microsoft Visual Studio Solution File, Format Version 12.00
# Visual Studio Version 16
VisualStudioVersion = 16.0.29020.237
MinimumVisualStudioVersion = 10.0.40219.1
Project("{9A19103F-16F7-4668-BE54-9A1E7A4F7556}") = "Clock", "Clock\Clock.csproj", "{BD9401BE-A1B8-499E-A228-66B272C3A9EA}"
EndProject
Project("{FAE04EC0-301F-11D3-BF4B-00C04F79EFBC}") = "MultiplicationTable", "MultiplicationTable\MultiplicationTable.csproj", "{61FA5FD0-1834-4FBC-85F7-8EE6916C0C76}"
EndProject
Project("{FAE04EC0-301F-11D3-BF4B-00C04F79EFBC}") = "Combinations", "Combinations\Combinations.csproj", "{E3F086C6-C0CE-4760-BCF6-C1C75936303F}"
EndProject
Project("{FAE04EC0-301F-11D3-BF4B-00C04F79EFBC}") = "SumOfTwoNumbers", "SumOfTwoNumbers\SumOfTwoNumbers.csproj", "{89B9A130-8250-448D-9FFD-0AAF7AF6944E}"
EndProject
Project("{FAE04EC0-301F-11D3-BF4B-00C04F79EFBC}") = "Travelling", "Travelling\Travelling.csproj", "{ABC8D6C6-51A0-4A1C-B4FB-ECA5ED5EA37A}"
EndProject
Project("{FAE04EC0-301F-11D3-BF4B-00C04F79EFBC}") = "Building", "Building\Building.csproj", "{DB88B195-3E99-4625-BE79-314CAD757558}"
EndProject
Global
	GlobalSection(SolutionConfigurationPlatforms) = preSolution
		Debug|Any CPU = Debug|Any CPU
		Release|Any CPU = Release|Any CPU
	EndGlobalSection
	GlobalSection(ProjectConfigurationPlatforms) = postSolution
		{BD9401BE-A1B8-499E-A228-66B272C3A9EA}.Debug|Any CPU.ActiveCfg = Debug|Any CPU
		{BD9401BE-A1B8-499E-A228-66B272C3A9EA}.Debug|Any CPU.Build.0 = Debug|Any CPU
		{BD9401BE-A1B8-499E-A228-66B272C3A9EA}.Release|Any CPU.ActiveCfg = Release|Any CPU
		{BD9401BE-A1B8-499E-A228-66B272C3A9EA}.Release|Any CPU.Build.0 = Release|Any CPU
		{61FA5FD0-1834-4FBC-85F7-8EE6916C0C76}.Debug|Any CPU.ActiveCfg = Debug|Any CPU
		{61FA5FD0-1834-4FBC-85F7-8EE6916C0C76}.Debug|Any CPU.Build.0 = Debug|Any CPU
		{61FA5FD0-1834-4FBC-85F7-8EE6916C0C76}.Release|Any CPU.ActiveCfg = Release|Any CPU
		{61FA5FD0-1834-4FBC-85F7-8EE6916C0C76}.Release|Any CPU.Build.0 = Release|Any CPU
		{E3F086C6-C0CE-4760-BCF6-C1C75936303F}.Debug|Any CPU.ActiveCfg = Debug|Any CPU
		{E3F086C6-C0CE-4760-BCF6-C1C75936303F}.Debug|Any CPU.Build.0 = Debug|Any CPU
		{E3F086C6-C0CE-4760-BCF6-C1C75936303F}.Release|Any CPU.ActiveCfg = Release|Any CPU
		{E3F086C6-C0CE-4760-BCF6-C1C75936303F}.Release|Any CPU.Build.0 = Release|Any CPU
		{89B9A130-8250-448D-9FFD-0AAF7AF6944E}.Debug|Any CPU.ActiveCfg = Debug|Any CPU
		{89B9A130-8250-448D-9FFD-0AAF7AF6944E}.Debug|Any CPU.Build.0 = Debug|Any CPU
		{89B9A130-8250-448D-9FFD-0AAF7AF6944E}.Release|Any CPU.ActiveCfg = Release|Any CPU
		{89B9A130-8250-448D-9FFD-0AAF7AF6944E}.Release|Any CPU.Build.0 = Release|Any CPU
		{ABC8D6C6-51A0-4A1C-B4FB-ECA5ED5EA37A}.Debug|Any CPU.ActiveCfg = Debug|Any CPU
		{ABC8D6C6-51A0-4A1C-B4FB-ECA5ED5EA37A}.Debug|Any CPU.Build.0 = Debug|Any CPU
		{ABC8D6C6-51A0-4A1C-B4FB-ECA5ED5EA37A}.Release|Any CPU.ActiveCfg = Release|Any CPU
		{ABC8D6C6-51A0-4A1C-B4FB-ECA5ED5EA37A}.Release|Any CPU.Build.0 = Release|Any CPU
		{DB88B195-3E99-4625-BE79-314CAD757558}.Debug|Any CPU.ActiveCfg = Debug|Any CPU
		{DB88B195-3E99-4625-BE79-314CAD757558}.Debug|Any CPU.Build.0 = Debug|Any CPU
		{DB88B195-3E99-4625-BE79-314CAD757558}.Release|Any CPU.ActiveCfg = Release|Any CPU
		{DB88B195-3E99-4625-BE79-314CAD757558}.Release|Any CPU.Build.0 = Release|Any CPU
	EndGlobalSection
	GlobalSection(SolutionProperties) = preSolution
		HideSolutionNode = FALSE
	EndGlobalSection
	GlobalSection(ExtensibilityGlobals) = postSolution
		SolutionGuid = {AA56E365-1BEA-4EA5-A3C4-D1143E6E68F5}
	EndGlobalSection
EndGlobal
