
Microsoft Visual Studio Solution File, Format Version 12.00
# Visual Studio Version 16
VisualStudioVersion = 16.0.29020.237
MinimumVisualStudioVersion = 10.0.40219.1
Project("{9A19103F-16F7-4668-BE54-9A1E7A4F7556}") = "USDtoBGN", "USDtoBGN\USDtoBGN.csproj", "{8DA14720-83FE-4857-BB61-A9FE450A9695}"
EndProject
Project("{9A19103F-16F7-4668-BE54-9A1E7A4F7556}") = "RadiansToDegrees", "RadiansToDegrees\RadiansToDegrees.csproj", "{CACCE62C-203A-4013-93A8-2467890E7599}"
EndProject
Project("{9A19103F-16F7-4668-BE54-9A1E7A4F7556}") = "DepositCalculator", "DepositCalculator\DepositCalculator.csproj", "{1FDE45E4-48C9-43E2-9AD0-5E71737B256B}"
EndProject
Project("{9A19103F-16F7-4668-BE54-9A1E7A4F7556}") = "VacationBookList", "VacationBookList\VacationBookList.csproj", "{9147E08F-3312-4524-B20C-2DD3EFB7AA68}"
EndProject
Project("{9A19103F-16F7-4668-BE54-9A1E7A4F7556}") = "BirthdayParty", "BirthdayParty\BirthdayParty.csproj", "{0B5CACBD-5DEF-45C2-B58E-9747A12DCCBD}"
EndProject
Project("{FAE04EC0-301F-11D3-BF4B-00C04F79EFBC}") = "Charity Campaign", "Charity Campaign\Charity Campaign.csproj", "{46684F1F-FC15-4548-ABE8-88930BC966CC}"
EndProject
Global
	GlobalSection(SolutionConfigurationPlatforms) = preSolution
		Debug|Any CPU = Debug|Any CPU
		Release|Any CPU = Release|Any CPU
	EndGlobalSection
	GlobalSection(ProjectConfigurationPlatforms) = postSolution
		{8DA14720-83FE-4857-BB61-A9FE450A9695}.Debug|Any CPU.ActiveCfg = Debug|Any CPU
		{8DA14720-83FE-4857-BB61-A9FE450A9695}.Debug|Any CPU.Build.0 = Debug|Any CPU
		{8DA14720-83FE-4857-BB61-A9FE450A9695}.Release|Any CPU.ActiveCfg = Release|Any CPU
		{8DA14720-83FE-4857-BB61-A9FE450A9695}.Release|Any CPU.Build.0 = Release|Any CPU
		{CACCE62C-203A-4013-93A8-2467890E7599}.Debug|Any CPU.ActiveCfg = Debug|Any CPU
		{CACCE62C-203A-4013-93A8-2467890E7599}.Debug|Any CPU.Build.0 = Debug|Any CPU
		{CACCE62C-203A-4013-93A8-2467890E7599}.Release|Any CPU.ActiveCfg = Release|Any CPU
		{CACCE62C-203A-4013-93A8-2467890E7599}.Release|Any CPU.Build.0 = Release|Any CPU
		{1FDE45E4-48C9-43E2-9AD0-5E71737B256B}.Debug|Any CPU.ActiveCfg = Debug|Any CPU
		{1FDE45E4-48C9-43E2-9AD0-5E71737B256B}.Debug|Any CPU.Build.0 = Debug|Any CPU
		{1FDE45E4-48C9-43E2-9AD0-5E71737B256B}.Release|Any CPU.ActiveCfg = Release|Any CPU
		{1FDE45E4-48C9-43E2-9AD0-5E71737B256B}.Release|Any CPU.Build.0 = Release|Any CPU
		{9147E08F-3312-4524-B20C-2DD3EFB7AA68}.Debug|Any CPU.ActiveCfg = Debug|Any CPU
		{9147E08F-3312-4524-B20C-2DD3EFB7AA68}.Debug|Any CPU.Build.0 = Debug|Any CPU
		{9147E08F-3312-4524-B20C-2DD3EFB7AA68}.Release|Any CPU.ActiveCfg = Release|Any CPU
		{9147E08F-3312-4524-B20C-2DD3EFB7AA68}.Release|Any CPU.Build.0 = Release|Any CPU
		{0B5CACBD-5DEF-45C2-B58E-9747A12DCCBD}.Debug|Any CPU.ActiveCfg = Debug|Any CPU
		{0B5CACBD-5DEF-45C2-B58E-9747A12DCCBD}.Debug|Any CPU.Build.0 = Debug|Any CPU
		{0B5CACBD-5DEF-45C2-B58E-9747A12DCCBD}.Release|Any CPU.ActiveCfg = Release|Any CPU
		{0B5CACBD-5DEF-45C2-B58E-9747A12DCCBD}.Release|Any CPU.Build.0 = Release|Any CPU
		{46684F1F-FC15-4548-ABE8-88930BC966CC}.Debug|Any CPU.ActiveCfg = Debug|Any CPU
		{46684F1F-FC15-4548-ABE8-88930BC966CC}.Debug|Any CPU.Build.0 = Debug|Any CPU
		{46684F1F-FC15-4548-ABE8-88930BC966CC}.Release|Any CPU.ActiveCfg = Release|Any CPU
		{46684F1F-FC15-4548-ABE8-88930BC966CC}.Release|Any CPU.Build.0 = Release|Any CPU
	EndGlobalSection
	GlobalSection(SolutionProperties) = preSolution
		HideSolutionNode = FALSE
	EndGlobalSection
	GlobalSection(ExtensibilityGlobals) = postSolution
		SolutionGuid = {987093DC-4CFA-44E5-AE90-7B04403541FF}
	EndGlobalSection
EndGlobal
